// !$*UTF8*$!
{
	archiveVersion = 1;
	classes = {
	};
	objectVersion = 48;
	objects = {

/* Begin PBXBuildFile section */
		EDE01EC125DEE93300F50381 /* AppDelegate.swift in Sources */ = {isa = PBXBuildFile; fileRef = EDE01EC025DEE93300F50381 /* AppDelegate.swift */; };
		EDE01EC325DEE93300F50381 /* ViewController.swift in Sources */ = {isa = PBXBuildFile; fileRef = EDE01EC225DEE93300F50381 /* ViewController.swift */; };
		EDE01EC625DEE93300F50381 /* Main.storyboard in Resources */ = {isa = PBXBuildFile; fileRef = EDE01EC425DEE93300F50381 /* Main.storyboard */; };
		EDE01EC825DEE93300F50381 /* Assets.xcassets in Resources */ = {isa = PBXBuildFile; fileRef = EDE01EC725DEE93300F50381 /* Assets.xcassets */; };
		EDE01ECB25DEE93300F50381 /* LaunchScreen.storyboard in Resources */ = {isa = PBXBuildFile; fileRef = EDE01EC925DEE93300F50381 /* LaunchScreen.storyboard */; };
		EDE01ED625DEE93300F50381 /* PruebaTests.swift in Sources */ = {isa = PBXBuildFile; fileRef = EDE01ED525DEE93300F50381 /* PruebaTests.swift */; };
		EDE01EE125DEE93300F50381 /* PruebaUITests.swift in Sources */ = {isa = PBXBuildFile; fileRef = EDE01EE025DEE93300F50381 /* PruebaUITests.swift */; };
/* End PBXBuildFile section */

/* Begin PBXContainerItemProxy section */
		EDE01ED225DEE93300F50381 /* PBXContainerItemProxy */ = {
			isa = PBXContainerItemProxy;
			containerPortal = EDE01EB525DEE93300F50381 /* Project object */;
			proxyType = 1;
			remoteGlobalIDString = EDE01EBC25DEE93300F50381;
			remoteInfo = Prueba;
		};
		EDE01EDD25DEE93300F50381 /* PBXContainerItemProxy */ = {
			isa = PBXContainerItemProxy;
			containerPortal = EDE01EB525DEE93300F50381 /* Project object */;
			proxyType = 1;
			remoteGlobalIDString = EDE01EBC25DEE93300F50381;
			remoteInfo = Prueba;
		};
/* End PBXContainerItemProxy section */

/* Begin PBXFileReference section */
		EDE01EBD25DEE93300F50381 /* Prueba.app */ = {isa = PBXFileReference; explicitFileType = wrapper.application; includeInIndex = 0; path = Prueba.app; sourceTree = BUILT_PRODUCTS_DIR; };
		EDE01EC025DEE93300F50381 /* AppDelegate.swift */ = {isa = PBXFileReference; lastKnownFileType = sourcecode.swift; path = AppDelegate.swift; sourceTree = "<group>"; };
		EDE01EC225DEE93300F50381 /* ViewController.swift */ = {isa = PBXFileReference; lastKnownFileType = sourcecode.swift; path = ViewController.swift; sourceTree = "<group>"; };
		EDE01EC525DEE93300F50381 /* Base */ = {isa = PBXFileReference; lastKnownFileType = file.storyboard; name = Base; path = Base.lproj/Main.storyboard; sourceTree = "<group>"; };
		EDE01EC725DEE93300F50381 /* Assets.xcassets */ = {isa = PBXFileReference; lastKnownFileType = folder.assetcatalog; path = Assets.xcassets; sourceTree = "<group>"; };
		EDE01ECA25DEE93300F50381 /* Base */ = {isa = PBXFileReference; lastKnownFileType = file.storyboard; name = Base; path = Base.lproj/LaunchScreen.storyboard; sourceTree = "<group>"; };
		EDE01ECC25DEE93300F50381 /* Info.plist */ = {isa = PBXFileReference; lastKnownFileType = text.plist.xml; path = Info.plist; sourceTree = "<group>"; };
		EDE01ED125DEE93300F50381 /* PruebaTests.xctest */ = {isa = PBXFileReference; explicitFileType = wrapper.cfbundle; includeInIndex = 0; path = PruebaTests.xctest; sourceTree = BUILT_PRODUCTS_DIR; };
		EDE01ED525DEE93300F50381 /* PruebaTests.swift */ = {isa = PBXFileReference; lastKnownFileType = sourcecode.swift; path = PruebaTests.swift; sourceTree = "<group>"; };
		EDE01ED725DEE93300F50381 /* Info.plist */ = {isa = PBXFileReference; lastKnownFileType = text.plist.xml; path = Info.plist; sourceTree = "<group>"; };
		EDE01EDC25DEE93300F50381 /* PruebaUITests.xctest */ = {isa = PBXFileReference; explicitFileType = wrapper.cfbundle; includeInIndex = 0; path = PruebaUITests.xctest; sourceTree = BUILT_PRODUCTS_DIR; };
		EDE01EE025DEE93300F50381 /* PruebaUITests.swift */ = {isa = PBXFileReference; lastKnownFileType = sourcecode.swift; path = PruebaUITests.swift; sourceTree = "<group>"; };
		EDE01EE225DEE93300F50381 /* Info.plist */ = {isa = PBXFileReference; lastKnownFileType = text.plist.xml; path = Info.plist; sourceTree = "<group>"; };
/* End PBXFileReference section */

/* Begin PBXFrameworksBuildPhase section */
		EDE01EBA25DEE93300F50381 /* Frameworks */ = {
			isa = PBXFrameworksBuildPhase;
			buildActionMask = 2147483647;
			files = (
			);
			runOnlyForDeploymentPostprocessing = 0;
		};
		EDE01ECE25DEE93300F50381 /* Frameworks */ = {
			isa = PBXFrameworksBuildPhase;
			buildActionMask = 2147483647;
			files = (
			);
			runOnlyForDeploymentPostprocessing = 0;
		};
		EDE01ED925DEE93300F50381 /* Frameworks */ = {
			isa = PBXFrameworksBuildPhase;
			buildActionMask = 2147483647;
			files = (
			);
			runOnlyForDeploymentPostprocessing = 0;
		};
/* End PBXFrameworksBuildPhase section */

/* Begin PBXGroup section */
		EDE01EB425DEE93300F50381 = {
			isa = PBXGroup;
			children = (
				EDE01EBF25DEE93300F50381 /* Prueba */,
				EDE01ED425DEE93300F50381 /* PruebaTests */,
				EDE01EDF25DEE93300F50381 /* PruebaUITests */,
				EDE01EBE25DEE93300F50381 /* Products */,
			);
			sourceTree = "<group>";
		};
		EDE01EBE25DEE93300F50381 /* Products */ = {
			isa = PBXGroup;
			children = (
				EDE01EBD25DEE93300F50381 /* Prueba.app */,
				EDE01ED125DEE93300F50381 /* PruebaTests.xctest */,
				EDE01EDC25DEE93300F50381 /* PruebaUITests.xctest */,
			);
			name = Products;
			sourceTree = "<group>";
		};
		EDE01EBF25DEE93300F50381 /* Prueba */ = {
			isa = PBXGroup;
			children = (
				EDE01EC025DEE93300F50381 /* AppDelegate.swift */,
				EDE01EC225DEE93300F50381 /* ViewController.swift */,
				EDE01EC425DEE93300F50381 /* Main.storyboard */,
				EDE01EC725DEE93300F50381 /* Assets.xcassets */,
				EDE01EC925DEE93300F50381 /* LaunchScreen.storyboard */,
				EDE01ECC25DEE93300F50381 /* Info.plist */,
			);
			path = Prueba;
			sourceTree = "<group>";
		};
		EDE01ED425DEE93300F50381 /* PruebaTests */ = {
			isa = PBXGroup;
			children = (
				EDE01ED525DEE93300F50381 /* PruebaTests.swift */,
				EDE01ED725DEE93300F50381 /* Info.plist */,
			);
			path = PruebaTests;
			sourceTree = "<group>";
		};
		EDE01EDF25DEE93300F50381 /* PruebaUITests */ = {
			isa = PBXGroup;
			children = (
				EDE01EE025DEE93300F50381 /* PruebaUITests.swift */,
				EDE01EE225DEE93300F50381 /* Info.plist */,
			);
			path = PruebaUITests;
			sourceTree = "<group>";
		};
/* End PBXGroup section */

/* Begin PBXNativeTarget section */
		EDE01EBC25DEE93300F50381 /* Prueba */ = {
			isa = PBXNativeTarget;
			buildConfigurationList = EDE01EE525DEE93300F50381 /* Build configuration list for PBXNativeTarget "Prueba" */;
			buildPhases = (
				EDE01EB925DEE93300F50381 /* Sources */,
				EDE01EBA25DEE93300F50381 /* Frameworks */,
				EDE01EBB25DEE93300F50381 /* Resources */,
			);
			buildRules = (
			);
			dependencies = (
			);
			name = Prueba;
			productName = Prueba;
			productReference = EDE01EBD25DEE93300F50381 /* Prueba.app */;
			productType = "com.apple.product-type.application";
		};
		EDE01ED025DEE93300F50381 /* PruebaTests */ = {
			isa = PBXNativeTarget;
			buildConfigurationList = EDE01EE825DEE93300F50381 /* Build configuration list for PBXNativeTarget "PruebaTests" */;
			buildPhases = (
				EDE01ECD25DEE93300F50381 /* Sources */,
				EDE01ECE25DEE93300F50381 /* Frameworks */,
				EDE01ECF25DEE93300F50381 /* Resources */,
			);
			buildRules = (
			);
			dependencies = (
				EDE01ED325DEE93300F50381 /* PBXTargetDependency */,
			);
			name = PruebaTests;
			productName = PruebaTests;
			productReference = EDE01ED125DEE93300F50381 /* PruebaTests.xctest */;
			productType = "com.apple.product-type.bundle.unit-test";
		};
		EDE01EDB25DEE93300F50381 /* PruebaUITests */ = {
			isa = PBXNativeTarget;
			buildConfigurationList = EDE01EEB25DEE93300F50381 /* Build configuration list for PBXNativeTarget "PruebaUITests" */;
			buildPhases = (
				EDE01ED825DEE93300F50381 /* Sources */,
				EDE01ED925DEE93300F50381 /* Frameworks */,
				EDE01EDA25DEE93300F50381 /* Resources */,
			);
			buildRules = (
			);
			dependencies = (
				EDE01EDE25DEE93300F50381 /* PBXTargetDependency */,
			);
			name = PruebaUITests;
			productName = PruebaUITests;
			productReference = EDE01EDC25DEE93300F50381 /* PruebaUITests.xctest */;
			productType = "com.apple.product-type.bundle.ui-testing";
		};
/* End PBXNativeTarget section */

/* Begin PBXProject section */
		EDE01EB525DEE93300F50381 /* Project object */ = {
			isa = PBXProject;
			attributes = {
				LastSwiftUpdateCheck = 0920;
				LastUpgradeCheck = 0920;
				ORGANIZATIONNAME = Alumno10;
				TargetAttributes = {
					EDE01EBC25DEE93300F50381 = {
						CreatedOnToolsVersion = 9.2;
						ProvisioningStyle = Automatic;
					};
					EDE01ED025DEE93300F50381 = {
						CreatedOnToolsVersion = 9.2;
						ProvisioningStyle = Automatic;
						TestTargetID = EDE01EBC25DEE93300F50381;
					};
					EDE01EDB25DEE93300F50381 = {
						CreatedOnToolsVersion = 9.2;
						ProvisioningStyle = Automatic;
						TestTargetID = EDE01EBC25DEE93300F50381;
					};
				};
			};
			buildConfigurationList = EDE01EB825DEE93300F50381 /* Build configuration list for PBXProject "Prueba" */;
			compatibilityVersion = "Xcode 8.0";
			developmentRegion = en;
			hasScannedForEncodings = 0;
			knownRegions = (
				en,
				Base,
			);
			mainGroup = EDE01EB425DEE93300F50381;
			productRefGroup = EDE01EBE25DEE93300F50381 /* Products */;
			projectDirPath = "";
			projectRoot = "";
			targets = (
				EDE01EBC25DEE93300F50381 /* Prueba */,
				EDE01ED025DEE93300F50381 /* PruebaTests */,
				EDE01EDB25DEE93300F50381 /* PruebaUITests */,
			);
		};
/* End PBXProject section */

/* Begin PBXResourcesBuildPhase section */
		EDE01EBB25DEE93300F50381 /* Resources */ = {
			isa = PBXResourcesBuildPhase;
			buildActionMask = 2147483647;
			files = (
				EDE01ECB25DEE93300F50381 /* LaunchScreen.storyboard in Resources */,
				EDE01EC825DEE93300F50381 /* Assets.xcassets in Resources */,
				EDE01EC625DEE93300F50381 /* Main.storyboard in Resources */,
			);
			runOnlyForDeploymentPostprocessing = 0;
		};
		EDE01ECF25DEE93300F50381 /* Resources */ = {
			isa = PBXResourcesBuildPhase;
			buildActionMask = 2147483647;
			files = (
			);
			runOnlyForDeploymentPostprocessing = 0;
		};
		EDE01EDA25DEE93300F50381 /* Resources */ = {
			isa = PBXResourcesBuildPhase;
			buildActionMask = 2147483647;
			files = (
			);
			runOnlyForDeploymentPostprocessing = 0;
		};
/* End PBXResourcesBuildPhase section */

/* Begin PBXSourcesBuildPhase section */
		EDE01EB925DEE93300F50381 /* Sources */ = {
			isa = PBXSourcesBuildPhase;
			buildActionMask = 2147483647;
			files = (
				EDE01EC325DEE93300F50381 /* ViewController.swift in Sources */,
				EDE01EC125DEE93300F50381 /* AppDelegate.swift in Sources */,
			);
			runOnlyForDeploymentPostprocessing = 0;
		};
		EDE01ECD25DEE93300F50381 /* Sources */ = {
			isa = PBXSourcesBuildPhase;
			buildActionMask = 2147483647;
			files = (
				EDE01ED625DEE93300F50381 /* PruebaTests.swift in Sources */,
			);
			runOnlyForDeploymentPostprocessing = 0;
		};
		EDE01ED825DEE93300F50381 /* Sources */ = {
			isa = PBXSourcesBuildPhase;
			buildActionMask = 2147483647;
			files = (
				EDE01EE125DEE93300F50381 /* PruebaUITests.swift in Sources */,
			);
			runOnlyForDeploymentPostprocessing = 0;
		};
/* End PBXSourcesBuildPhase section */

/* Begin PBXTargetDependency section */
		EDE01ED325DEE93300F50381 /* PBXTargetDependency */ = {
			isa = PBXTargetDependency;
			target = EDE01EBC25DEE93300F50381 /* Prueba */;
			targetProxy = EDE01ED225DEE93300F50381 /* PBXContainerItemProxy */;
		};
		EDE01EDE25DEE93300F50381 /* PBXTargetDependency */ = {
			isa = PBXTargetDependency;
			target = EDE01EBC25DEE93300F50381 /* Prueba */;
			targetProxy = EDE01EDD25DEE93300F50381 /* PBXContainerItemProxy */;
		};
/* End PBXTargetDependency section */

/* Begin PBXVariantGroup section */
		EDE01EC425DEE93300F50381 /* Main.storyboard */ = {
			isa = PBXVariantGroup;
			children = (
				EDE01EC525DEE93300F50381 /* Base */,
			);
			name = Main.storyboard;
			sourceTree = "<group>";
		};
		EDE01EC925DEE93300F50381 /* LaunchScreen.storyboard */ = {
			isa = PBXVariantGroup;
			children = (
				EDE01ECA25DEE93300F50381 /* Base */,
			);
			name = LaunchScreen.storyboard;
			sourceTree = "<group>";
		};
/* End PBXVariantGroup section */

/* Begin XCBuildConfiguration section */
		EDE01EE325DEE93300F50381 /* Debug */ = {
			isa = XCBuildConfiguration;
			buildSettings = {
				ALWAYS_SEARCH_USER_PATHS = NO;
				CLANG_ANALYZER_NONNULL = YES;
				CLANG_ANALYZER_NUMBER_OBJECT_CONVERSION = YES_AGGRESSIVE;
				CLANG_CXX_LANGUAGE_STANDARD = "gnu++14";
				CLANG_CXX_LIBRARY = "libc++";
				CLANG_ENABLE_MODULES = YES;
				CLANG_ENABLE_OBJC_ARC = YES;
				CLANG_WARN_BLOCK_CAPTURE_AUTORELEASING = YES;
				CLANG_WARN_BOOL_CONVERSION = YES;
				CLANG_WARN_COMMA = YES;
				CLANG_WARN_CONSTANT_CONVERSION = YES;
				CLANG_WARN_DIRECT_OBJC_ISA_USAGE = YES_ERROR;
				CLANG_WARN_DOCUMENTATION_COMMENTS = YES;
				CLANG_WARN_EMPTY_BODY = YES;
				CLANG_WARN_ENUM_CONVERSION = YES;
				CLANG_WARN_INFINITE_RECURSION = YES;
				CLANG_WARN_INT_CONVERSION = YES;
				CLANG_WARN_NON_LITERAL_NULL_CONVERSION = YES;
				CLANG_WARN_OBJC_LITERAL_CONVERSION = YES;
				CLANG_WARN_OBJC_ROOT_CLASS = YES_ERROR;
				CLANG_WARN_RANGE_LOOP_ANALYSIS = YES;
				CLANG_WARN_STRICT_PROTOTYPES = YES;
				CLANG_WARN_SUSPICIOUS_MOVE = YES;
				CLANG_WARN_UNGUARDED_AVAILABILITY = YES_AGGRESSIVE;
				CLANG_WARN_UNREACHABLE_CODE = YES;
				CLANG_WARN__DUPLICATE_METHOD_MATCH = YES;
				CODE_SIGN_IDENTITY = "iPhone Developer";
				COPY_PHASE_STRIP = NO;
				DEBUG_INFORMATION_FORMAT = dwarf;
				ENABLE_STRICT_OBJC_MSGSEND = YES;
				ENABLE_TESTABILITY = YES;
				GCC_C_LANGUAGE_STANDARD = gnu11;
				GCC_DYNAMIC_NO_PIC = NO;
				GCC_NO_COMMON_BLOCKS = YES;
				GCC_OPTIMIZATION_LEVEL = 0;
				GCC_PREPROCESSOR_DEFINITIONS = (
					"DEBUG=1",
					"$(inherited)",
				);
				GCC_WARN_64_TO_32_BIT_CONVERSION = YES;
				GCC_WARN_ABOUT_RETURN_TYPE = YES_ERROR;
				GCC_WARN_UNDECLARED_SELECTOR = YES;
				GCC_WARN_UNINITIALIZED_AUTOS = YES_AGGRESSIVE;
				GCC_WARN_UNUSED_FUNCTION = YES;
				GCC_WARN_UNUSED_VARIABLE = YES;
				IPHONEOS_DEPLOYMENT_TARGET = 11.2;
				MTL_ENABLE_DEBUG_INFO = YES;
				ONLY_ACTIVE_ARCH = YES;
				SDKROOT = iphoneos;
				SWIFT_ACTIVE_COMPILATION_CONDITIONS = DEBUG;
				SWIFT_OPTIMIZATION_LEVEL = "-Onone";
			};
			name = Debug;
		};
		EDE01EE425DEE93300F50381 /* Release */ = {
			isa = XCBuildConfiguration;
			buildSettings = {
				ALWAYS_SEARCH_USER_PATHS = NO;
				CLANG_ANALYZER_NONNULL = YES;
				CLANG_ANALYZER_NUMBER_OBJECT_CONVERSION = YES_AGGRESSIVE;
				CLANG_CXX_LANGUAGE_STANDARD = "gnu++14";
				CLANG_CXX_LIBRARY = "libc++";
				CLANG_ENABLE_MODULES = YES;
				CLANG_ENABLE_OBJC_ARC = YES;
				CLANG_WARN_BLOCK_CAPTURE_AUTORELEASING = YES;
				CLANG_WARN_BOOL_CONVERSION = YES;
				CLANG_WARN_COMMA = YES;
				CLANG_WARN_CONSTANT_CONVERSION = YES;
				CLANG_WARN_DIRECT_OBJC_ISA_USAGE = YES_ERROR;
				CLANG_WARN_DOCUMENTATION_COMMENTS = YES;
				CLANG_WARN_EMPTY_BODY = YES;
				CLANG_WARN_ENUM_CONVERSION = YES;
				CLANG_WARN_INFINITE_RECURSION = YES;
				CLANG_WARN_INT_CONVERSION = YES;
				CLANG_WARN_NON_LITERAL_NULL_CONVERSION = YES;
				CLANG_WARN_OBJC_LITERAL_CONVERSION = YES;
				CLANG_WARN_OBJC_ROOT_CLASS = YES_ERROR;
				CLANG_WARN_RANGE_LOOP_ANALYSIS = YES;
				CLANG_WARN_STRICT_PROTOTYPES = YES;
				CLANG_WARN_SUSPICIOUS_MOVE = YES;
				CLANG_WARN_UNGUARDED_AVAILABILITY = YES_AGGRESSIVE;
				CLANG_WARN_UNREACHABLE_CODE = YES;
				CLANG_WARN__DUPLICATE_METHOD_MATCH = YES;
				CODE_SIGN_IDENTITY = "iPhone Developer";
				COPY_PHASE_STRIP = NO;
				DEBUG_INFORMATION_FORMAT = "dwarf-with-dsym";
				ENABLE_NS_ASSERTIONS = NO;
				ENABLE_STRICT_OBJC_MSGSEND = YES;
				GCC_C_LANGUAGE_STANDARD = gnu11;
				GCC_NO_COMMON_BLOCKS = YES;
				GCC_WARN_64_TO_32_BIT_CONVERSION = YES;
				GCC_WARN_ABOUT_RETURN_TYPE = YES_ERROR;
				GCC_WARN_UNDECLARED_SELECTOR = YES;
				GCC_WARN_UNINITIALIZED_AUTOS = YES_AGGRESSIVE;
				GCC_WARN_UNUSED_FUNCTION = YES;
				GCC_WARN_UNUSED_VARIABLE = YES;
				IPHONEOS_DEPLOYMENT_TARGET = 11.2;
				MTL_ENABLE_DEBUG_INFO = NO;
				SDKROOT = iphoneos;
				SWIFT_OPTIMIZATION_LEVEL = "-Owholemodule";
				VALIDATE_PRODUCT = YES;
			};
			name = Release;
		};
		EDE01EE625DEE93300F50381 /* Debug */ = {
			isa = XCBuildConfiguration;
			buildSettings = {
				ASSETCATALOG_COMPILER_APPICON_NAME = AppIcon;
				CODE_SIGN_STYLE = Automatic;
				INFOPLIST_FILE = Prueba/Info.plist;
				LD_RUNPATH_SEARCH_PATHS = "$(inherited) @executable_path/Frameworks";
				PRODUCT_BUNDLE_IDENTIFIER = "-2.Prueba";
				PRODUCT_NAME = "$(TARGET_NAME)";
				SWIFT_VERSION = 4.0;
				TARGETED_DEVICE_FAMILY = "1,2";
			};
			name = Debug;
		};
		EDE01EE725DEE93300F50381 /* Release */ = {
			isa = XCBuildConfiguration;
			buildSettings = {
				ASSETCATALOG_COMPILER_APPICON_NAME = AppIcon;
				CODE_SIGN_STYLE = Automatic;
				INFOPLIST_FILE = Prueba/Info.plist;
				LD_RUNPATH_SEARCH_PATHS = "$(inherited) @executable_path/Frameworks";
				PRODUCT_BUNDLE_IDENTIFIER = "-2.Prueba";
				PRODUCT_NAME = "$(TARGET_NAME)";
				SWIFT_VERSION = 4.0;
				TARGETED_DEVICE_FAMILY = "1,2";
			};
			name = Release;
		};
		EDE01EE925DEE93300F50381 /* Debug */ = {
			isa = XCBuildConfiguration;
			buildSettings = {
				ALWAYS_EMBED_SWIFT_STANDARD_LIBRARIES = YES;
				BUNDLE_LOADER = "$(TEST_HOST)";
				CODE_SIGN_STYLE = Automatic;
				INFOPLIST_FILE = PruebaTests/Info.plist;
				LD_RUNPATH_SEARCH_PATHS = "$(inherited) @executable_path/Frameworks @loader_path/Frameworks";
				PRODUCT_BUNDLE_IDENTIFIER = "-2.PruebaTests";
				PRODUCT_NAME = "$(TARGET_NAME)";
				SWIFT_VERSION = 4.0;
				TARGETED_DEVICE_FAMILY = "1,2";
				TEST_HOST = "$(BUILT_PRODUCTS_DIR)/Prueba.app/Prueba";
			};
			name = Debug;
		};
		EDE01EEA25DEE93300F50381 /* Release */ = {
			isa = XCBuildConfiguration;
			buildSettings = {
				ALWAYS_EMBED_SWIFT_STANDARD_LIBRARIES = YES;
				BUNDLE_LOADER = "$(TEST_HOST)";
				CODE_SIGN_STYLE = Automatic;
				INFOPLIST_FILE = PruebaTests/Info.plist;
				LD_RUNPATH_SEARCH_PATHS = "$(inherited) @executable_path/Frameworks @loader_path/Frameworks";
				PRODUCT_BUNDLE_IDENTIFIER = "-2.PruebaTests";
				PRODUCT_NAME = "$(TARGET_NAME)";
				SWIFT_VERSION = 4.0;
				TARGETED_DEVICE_FAMILY = "1,2";
				TEST_HOST = "$(BUILT_PRODUCTS_DIR)/Prueba.app/Prueba";
			};
			name = Release;
		};
		EDE01EEC25DEE93300F50381 /* Debug */ = {
			isa = XCBuildConfiguration;
			buildSettings = {
				ALWAYS_EMBED_SWIFT_STANDARD_LIBRARIES = YES;
				CODE_SIGN_STYLE = Automatic;
				INFOPLIST_FILE = PruebaUITests/Info.plist;
				LD_RUNPATH_SEARCH_PATHS = "$(inherited) @executable_path/Frameworks @loader_path/Frameworks";
				PRODUCT_BUNDLE_IDENTIFIER = "-2.PruebaUITests";
				PRODUCT_NAME = "$(TARGET_NAME)";
				SWIFT_VERSION = 4.0;
				TARGETED_DEVICE_FAMILY = "1,2";
				TEST_TARGET_NAME = Prueba;
			};
			name = Debug;
		};
		EDE01EED25DEE93300F50381 /* Release */ = {
			isa = XCBuildConfiguration;
			buildSettings = {
				ALWAYS_EMBED_SWIFT_STANDARD_LIBRARIES = YES;
				CODE_SIGN_STYLE = Automatic;
				INFOPLIST_FILE = PruebaUITests/Info.plist;
				LD_RUNPATH_SEARCH_PATHS = "$(inherited) @executable_path/Frameworks @loader_path/Frameworks";
				PRODUCT_BUNDLE_IDENTIFIER = "-2.PruebaUITests";
				PRODUCT_NAME = "$(TARGET_NAME)";
				SWIFT_VERSION = 4.0;
				TARGETED_DEVICE_FAMILY = "1,2";
				TEST_TARGET_NAME = Prueba;
			};
			name = Release;
		};
/* End XCBuildConfiguration section */

/* Begin XCConfigurationList section */
		EDE01EB825DEE93300F50381 /* Build configuration list for PBXProject "Prueba" */ = {
			isa = XCConfigurationList;
			buildConfigurations = (
				EDE01EE325DEE93300F50381 /* Debug */,
				EDE01EE425DEE93300F50381 /* Release */,
			);
			defaultConfigurationIsVisible = 0;
			defaultConfigurationName = Release;
		};
		EDE01EE525DEE93300F50381 /* Build configuration list for PBXNativeTarget "Prueba" */ = {
			isa = XCConfigurationList;
			buildConfigurations = (
				EDE01EE625DEE93300F50381 /* Debug */,
				EDE01EE725DEE93300F50381 /* Release */,
			);
			defaultConfigurationIsVisible = 0;
			defaultConfigurationName = Release;
		};
		EDE01EE825DEE93300F50381 /* Build configuration list for PBXNativeTarget "PruebaTests" */ = {
			isa = XCConfigurationList;
			buildConfigurations = (
				EDE01EE925DEE93300F50381 /* Debug */,
				EDE01EEA25DEE93300F50381 /* Release */,
			);
			defaultConfigurationIsVisible = 0;
			defaultConfigurationName = Release;
		};
		EDE01EEB25DEE93300F50381 /* Build configuration list for PBXNativeTarget "PruebaUITests" */ = {
			isa = XCConfigurationList;
			buildConfigurations = (
				EDE01EEC25DEE93300F50381 /* Debug */,
				EDE01EED25DEE93300F50381 /* Release */,
			);
			defaultConfigurationIsVisible = 0;
			defaultConfigurationName = Release;
		};
/* End XCConfigurationList section */
	};
	rootObject = EDE01EB525DEE93300F50381 /* Project object */;
}
